{
  "name": "ely.flat",
  "version": "1.0.0",
  "lockfileVersion": 1,
  "requires": true,
  "dependencies": {
    "figlet": {
      "version": "1.2.1",
      "resolved": "https://registry.npmjs.org/figlet/-/figlet-1.2.1.tgz",
      "integrity": "sha512-qc8gycfnnfOmfvPl7Fi3JeTbcvdmbZkckyUVGGAM02je7Ookvu+bBfKy1I4FKqTsQHCs3ARJ76ip/k98r+OQuQ=="
    },
    "typescript": {
      "version": "3.3.0-dev.20181205",
      "resolved": "https://registry.npmjs.org/typescript/-/typescript-3.3.0-dev.20181205.tgz",
      "integrity": "sha512-XYoXPbSZrlKZOA5ykKjzwvGjAtwEhII/hBFXoGzbxfIWaT5uPcg3dISdE8qZ7jb6Xg1vjV2ghtTevToE2+IvCA=="
    }
  }
}
